
Microsoft Visual Studio Solution File, Format Version 12.00
# Visual Studio Version 16
VisualStudioVersion = 16.0.31515.178
MinimumVisualStudioVersion = 10.0.40219.1
Project("{2150E333-8FDC-42A3-9474-1A3956D46DE8}") = "01 - Presentation", "01 - Presentation", "{A3FB15C9-FD98-49E5-9126-A7798FE96767}"
EndProject
Project("{2150E333-8FDC-42A3-9474-1A3956D46DE8}") = "02 - Data", "02 - Data", "{21143370-63B4-4F0B-BF4B-326FF488ADCD}"
EndProject
Project("{2150E333-8FDC-42A3-9474-1A3956D46DE8}") = "03 - Domain", "03 - Domain", "{27836F8B-C204-4870-B556-D39015A3DB68}"
EndProject
Project("{2150E333-8FDC-42A3-9474-1A3956D46DE8}") = "Solution Items", "Solution Items", "{EDCCEB2F-6F4A-440A-8B84-C52D8FC10D8D}"
	ProjectSection(SolutionItems) = preProject
		docker-compose.yml = docker-compose.yml
	EndProjectSection
EndProject
Project("{9A19103F-16F7-4668-BE54-9A1E7A4F7556}") = "Br.Com.Company.CurrencyQuote.WebApi", "Br.Com.Company.CurrencyQuote.WebApi\Br.Com.Company.CurrencyQuote.WebApi.csproj", "{BE878108-C3B4-4BDF-BD98-037EADAA2B41}"
EndProject
Project("{9A19103F-16F7-4668-BE54-9A1E7A4F7556}") = "Br.Com.Company.CurrencyQuote.Data", "Br.Com.Company.CurrencyQuote.Data\Br.Com.Company.CurrencyQuote.Data.csproj", "{F7C35495-8C59-42D5-89E5-0FF824CE73D0}"
EndProject
Project("{9A19103F-16F7-4668-BE54-9A1E7A4F7556}") = "Br.Com.Company.CurrencyQuote.Domain", "Br.Com.Company.CurrencyQuote.Domain\Br.Com.Company.CurrencyQuote.Domain.csproj", "{232A2D78-CC44-4B88-9B18-FA97E06C158C}"
EndProject
Project("{2150E333-8FDC-42A3-9474-1A3956D46DE8}") = "05 - Tests", "05 - Tests", "{C1B58216-F818-4354-8307-60D68F900EBB}"
EndProject
Project("{9A19103F-16F7-4668-BE54-9A1E7A4F7556}") = "Br.Com.Company.CurrentQuote.IT", "Br.Com.Company.CurrentQuote.IT\Br.Com.Company.CurrentQuote.IT.csproj", "{30E5824A-737A-4C98-A7CF-B9E53A83B1ED}"
EndProject
Project("{2150E333-8FDC-42A3-9474-1A3956D46DE8}") = "04 - Common", "04 - Common", "{1A0A24B4-4D8B-414A-BCE6-F7C85249DBE6}"
EndProject
Project("{FAE04EC0-301F-11D3-BF4B-00C04F79EFBC}") = "Br.Com.Company.CurrencyQuote.Common", "Br.Com.Company.CurrencyQuote.Common\Br.Com.Company.CurrencyQuote.Common.csproj", "{9F46B68C-A7FA-4F57-A033-898BEA4168C2}"
EndProject
Global
	GlobalSection(SolutionConfigurationPlatforms) = preSolution
		Debug|Any CPU = Debug|Any CPU
		Release|Any CPU = Release|Any CPU
	EndGlobalSection
	GlobalSection(ProjectConfigurationPlatforms) = postSolution
		{BE878108-C3B4-4BDF-BD98-037EADAA2B41}.Debug|Any CPU.ActiveCfg = Debug|Any CPU
		{BE878108-C3B4-4BDF-BD98-037EADAA2B41}.Debug|Any CPU.Build.0 = Debug|Any CPU
		{BE878108-C3B4-4BDF-BD98-037EADAA2B41}.Release|Any CPU.ActiveCfg = Release|Any CPU
		{BE878108-C3B4-4BDF-BD98-037EADAA2B41}.Release|Any CPU.Build.0 = Release|Any CPU
		{F7C35495-8C59-42D5-89E5-0FF824CE73D0}.Debug|Any CPU.ActiveCfg = Debug|Any CPU
		{F7C35495-8C59-42D5-89E5-0FF824CE73D0}.Debug|Any CPU.Build.0 = Debug|Any CPU
		{F7C35495-8C59-42D5-89E5-0FF824CE73D0}.Release|Any CPU.ActiveCfg = Release|Any CPU
		{F7C35495-8C59-42D5-89E5-0FF824CE73D0}.Release|Any CPU.Build.0 = Release|Any CPU
		{232A2D78-CC44-4B88-9B18-FA97E06C158C}.Debug|Any CPU.ActiveCfg = Debug|Any CPU
		{232A2D78-CC44-4B88-9B18-FA97E06C158C}.Debug|Any CPU.Build.0 = Debug|Any CPU
		{232A2D78-CC44-4B88-9B18-FA97E06C158C}.Release|Any CPU.ActiveCfg = Release|Any CPU
		{232A2D78-CC44-4B88-9B18-FA97E06C158C}.Release|Any CPU.Build.0 = Release|Any CPU
		{30E5824A-737A-4C98-A7CF-B9E53A83B1ED}.Debug|Any CPU.ActiveCfg = Debug|Any CPU
		{30E5824A-737A-4C98-A7CF-B9E53A83B1ED}.Debug|Any CPU.Build.0 = Debug|Any CPU
		{30E5824A-737A-4C98-A7CF-B9E53A83B1ED}.Release|Any CPU.ActiveCfg = Release|Any CPU
		{30E5824A-737A-4C98-A7CF-B9E53A83B1ED}.Release|Any CPU.Build.0 = Release|Any CPU
		{9F46B68C-A7FA-4F57-A033-898BEA4168C2}.Debug|Any CPU.ActiveCfg = Debug|Any CPU
		{9F46B68C-A7FA-4F57-A033-898BEA4168C2}.Debug|Any CPU.Build.0 = Debug|Any CPU
		{9F46B68C-A7FA-4F57-A033-898BEA4168C2}.Release|Any CPU.ActiveCfg = Release|Any CPU
		{9F46B68C-A7FA-4F57-A033-898BEA4168C2}.Release|Any CPU.Build.0 = Release|Any CPU
	EndGlobalSection
	GlobalSection(SolutionProperties) = preSolution
		HideSolutionNode = FALSE
	EndGlobalSection
	GlobalSection(NestedProjects) = preSolution
		{BE878108-C3B4-4BDF-BD98-037EADAA2B41} = {A3FB15C9-FD98-49E5-9126-A7798FE96767}
		{F7C35495-8C59-42D5-89E5-0FF824CE73D0} = {21143370-63B4-4F0B-BF4B-326FF488ADCD}
		{232A2D78-CC44-4B88-9B18-FA97E06C158C} = {27836F8B-C204-4870-B556-D39015A3DB68}
		{30E5824A-737A-4C98-A7CF-B9E53A83B1ED} = {C1B58216-F818-4354-8307-60D68F900EBB}
		{9F46B68C-A7FA-4F57-A033-898BEA4168C2} = {1A0A24B4-4D8B-414A-BCE6-F7C85249DBE6}
	EndGlobalSection
	GlobalSection(ExtensibilityGlobals) = postSolution
		SolutionGuid = {FCFE4034-13C9-4F77-BB45-22DEC9AB8B57}
	EndGlobalSection
EndGlobal
